
Microsoft Visual Studio Solution File, Format Version 12.00
# Visual Studio Version 16
VisualStudioVersion = 16.0.34114.132
MinimumVisualStudioVersion = 10.0.40219.1
Project("{FAE04EC0-301F-11D3-BF4B-00C04F79EFBC}") = "NacSalvador.Android", "NacSalvador\NacSalvador.Android\NacSalvador.Android.csproj", "{2ECFB4F5-C6E6-40EB-9531-683302AAE300}"
EndProject
Project("{FAE04EC0-301F-11D3-BF4B-00C04F79EFBC}") = "NacSalvador.iOS", "NacSalvador\NacSalvador.iOS\NacSalvador.iOS.csproj", "{495891AA-E8F9-4075-AA14-06AE8F70EB68}"
EndProject
Project("{FAE04EC0-301F-11D3-BF4B-00C04F79EFBC}") = "NacSalvador", "NacSalvador\NacSalvador\NacSalvador.csproj", "{63DBB9FB-62D9-4CA4-9EDC-28BE34B77DB0}"
EndProject
Global
	GlobalSection(SolutionConfigurationPlatforms) = preSolution
		Debug|Any CPU = Debug|Any CPU
		Debug|iPhone = Debug|iPhone
		Debug|iPhoneSimulator = Debug|iPhoneSimulator
		Release|Any CPU = Release|Any CPU
		Release|iPhone = Release|iPhone
		Release|iPhoneSimulator = Release|iPhoneSimulator
	EndGlobalSection
	GlobalSection(ProjectConfigurationPlatforms) = postSolution
		{2ECFB4F5-C6E6-40EB-9531-683302AAE300}.Debug|Any CPU.ActiveCfg = Debug|Any CPU
		{2ECFB4F5-C6E6-40EB-9531-683302AAE300}.Debug|Any CPU.Build.0 = Debug|Any CPU
		{2ECFB4F5-C6E6-40EB-9531-683302AAE300}.Debug|Any CPU.Deploy.0 = Debug|Any CPU
		{2ECFB4F5-C6E6-40EB-9531-683302AAE300}.Debug|iPhone.ActiveCfg = Debug|Any CPU
		{2ECFB4F5-C6E6-40EB-9531-683302AAE300}.Debug|iPhone.Build.0 = Debug|Any CPU
		{2ECFB4F5-C6E6-40EB-9531-683302AAE300}.Debug|iPhone.Deploy.0 = Debug|Any CPU
		{2ECFB4F5-C6E6-40EB-9531-683302AAE300}.Debug|iPhoneSimulator.ActiveCfg = Debug|Any CPU
		{2ECFB4F5-C6E6-40EB-9531-683302AAE300}.Debug|iPhoneSimulator.Build.0 = Debug|Any CPU
		{2ECFB4F5-C6E6-40EB-9531-683302AAE300}.Debug|iPhoneSimulator.Deploy.0 = Debug|Any CPU
		{2ECFB4F5-C6E6-40EB-9531-683302AAE300}.Release|Any CPU.ActiveCfg = Release|Any CPU
		{2ECFB4F5-C6E6-40EB-9531-683302AAE300}.Release|Any CPU.Build.0 = Release|Any CPU
		{2ECFB4F5-C6E6-40EB-9531-683302AAE300}.Release|Any CPU.Deploy.0 = Release|Any CPU
		{2ECFB4F5-C6E6-40EB-9531-683302AAE300}.Release|iPhone.ActiveCfg = Release|Any CPU
		{2ECFB4F5-C6E6-40EB-9531-683302AAE300}.Release|iPhone.Build.0 = Release|Any CPU
		{2ECFB4F5-C6E6-40EB-9531-683302AAE300}.Release|iPhone.Deploy.0 = Release|Any CPU
		{2ECFB4F5-C6E6-40EB-9531-683302AAE300}.Release|iPhoneSimulator.ActiveCfg = Release|Any CPU
		{2ECFB4F5-C6E6-40EB-9531-683302AAE300}.Release|iPhoneSimulator.Build.0 = Release|Any CPU
		{2ECFB4F5-C6E6-40EB-9531-683302AAE300}.Release|iPhoneSimulator.Deploy.0 = Release|Any CPU
		{495891AA-E8F9-4075-AA14-06AE8F70EB68}.Debug|Any CPU.ActiveCfg = Debug|iPhone
		{495891AA-E8F9-4075-AA14-06AE8F70EB68}.Debug|Any CPU.Build.0 = Debug|iPhone
		{495891AA-E8F9-4075-AA14-06AE8F70EB68}.Debug|Any CPU.Deploy.0 = Debug|iPhone
		{495891AA-E8F9-4075-AA14-06AE8F70EB68}.Debug|iPhone.ActiveCfg = Debug|iPhone
		{495891AA-E8F9-4075-AA14-06AE8F70EB68}.Debug|iPhone.Build.0 = Debug|iPhone
		{495891AA-E8F9-4075-AA14-06AE8F70EB68}.Debug|iPhone.Deploy.0 = Debug|iPhone
		{495891AA-E8F9-4075-AA14-06AE8F70EB68}.Debug|iPhoneSimulator.ActiveCfg = Debug|iPhoneSimulator
		{495891AA-E8F9-4075-AA14-06AE8F70EB68}.Debug|iPhoneSimulator.Build.0 = Debug|iPhoneSimulator
		{495891AA-E8F9-4075-AA14-06AE8F70EB68}.Debug|iPhoneSimulator.Deploy.0 = Debug|iPhoneSimulator
		{495891AA-E8F9-4075-AA14-06AE8F70EB68}.Release|Any CPU.ActiveCfg = Release|iPhoneSimulator
		{495891AA-E8F9-4075-AA14-06AE8F70EB68}.Release|Any CPU.Build.0 = Release|iPhoneSimulator
		{495891AA-E8F9-4075-AA14-06AE8F70EB68}.Release|Any CPU.Deploy.0 = Release|iPhoneSimulator
		{495891AA-E8F9-4075-AA14-06AE8F70EB68}.Release|iPhone.ActiveCfg = Release|iPhone
		{495891AA-E8F9-4075-AA14-06AE8F70EB68}.Release|iPhone.Build.0 = Release|iPhone
		{495891AA-E8F9-4075-AA14-06AE8F70EB68}.Release|iPhone.Deploy.0 = Release|iPhone
		{495891AA-E8F9-4075-AA14-06AE8F70EB68}.Release|iPhoneSimulator.ActiveCfg = Release|iPhoneSimulator
		{495891AA-E8F9-4075-AA14-06AE8F70EB68}.Release|iPhoneSimulator.Build.0 = Release|iPhoneSimulator
		{495891AA-E8F9-4075-AA14-06AE8F70EB68}.Release|iPhoneSimulator.Deploy.0 = Release|iPhoneSimulator
		{63DBB9FB-62D9-4CA4-9EDC-28BE34B77DB0}.Debug|Any CPU.ActiveCfg = Debug|Any CPU
		{63DBB9FB-62D9-4CA4-9EDC-28BE34B77DB0}.Debug|Any CPU.Build.0 = Debug|Any CPU
		{63DBB9FB-62D9-4CA4-9EDC-28BE34B77DB0}.Debug|Any CPU.Deploy.0 = Debug|Any CPU
		{63DBB9FB-62D9-4CA4-9EDC-28BE34B77DB0}.Debug|iPhone.ActiveCfg = Debug|Any CPU
		{63DBB9FB-62D9-4CA4-9EDC-28BE34B77DB0}.Debug|iPhone.Build.0 = Debug|Any CPU
		{63DBB9FB-62D9-4CA4-9EDC-28BE34B77DB0}.Debug|iPhone.Deploy.0 = Debug|Any CPU
		{63DBB9FB-62D9-4CA4-9EDC-28BE34B77DB0}.Debug|iPhoneSimulator.ActiveCfg = Debug|Any CPU
		{63DBB9FB-62D9-4CA4-9EDC-28BE34B77DB0}.Debug|iPhoneSimulator.Build.0 = Debug|Any CPU
		{63DBB9FB-62D9-4CA4-9EDC-28BE34B77DB0}.Debug|iPhoneSimulator.Deploy.0 = Debug|Any CPU
		{63DBB9FB-62D9-4CA4-9EDC-28BE34B77DB0}.Release|Any CPU.ActiveCfg = Release|Any CPU
		{63DBB9FB-62D9-4CA4-9EDC-28BE34B77DB0}.Release|Any CPU.Build.0 = Release|Any CPU
		{63DBB9FB-62D9-4CA4-9EDC-28BE34B77DB0}.Release|Any CPU.Deploy.0 = Release|Any CPU
		{63DBB9FB-62D9-4CA4-9EDC-28BE34B77DB0}.Release|iPhone.ActiveCfg = Release|Any CPU
		{63DBB9FB-62D9-4CA4-9EDC-28BE34B77DB0}.Release|iPhone.Build.0 = Release|Any CPU
		{63DBB9FB-62D9-4CA4-9EDC-28BE34B77DB0}.Release|iPhone.Deploy.0 = Release|Any CPU
		{63DBB9FB-62D9-4CA4-9EDC-28BE34B77DB0}.Release|iPhoneSimulator.ActiveCfg = Release|Any CPU
		{63DBB9FB-62D9-4CA4-9EDC-28BE34B77DB0}.Release|iPhoneSimulator.Build.0 = Release|Any CPU
		{63DBB9FB-62D9-4CA4-9EDC-28BE34B77DB0}.Release|iPhoneSimulator.Deploy.0 = Release|Any CPU
	EndGlobalSection
	GlobalSection(SolutionProperties) = preSolution
		HideSolutionNode = FALSE
	EndGlobalSection
	GlobalSection(ExtensibilityGlobals) = postSolution
		SolutionGuid = {E5E615F5-0C10-4B7E-8B36-A6BE33676308}
	EndGlobalSection
EndGlobal
